
Microsoft Visual Studio Solution File, Format Version 12.00
# Visual Studio Version 17
VisualStudioVersion = 17.7.34221.43
MinimumVisualStudioVersion = 10.0.40219.1
Project("{FAE04EC0-301F-11D3-BF4B-00C04F79EFBC}") = "CloudgenProject", "CloudgenProject\CloudgenProject.csproj", "{A24819AC-27A5-49B5-85C3-AB3135045AA4}"
EndProject
Global
	GlobalSection(SolutionConfigurationPlatforms) = preSolution
		Debug|Any CPU = Debug|Any CPU
		Release|Any CPU = Release|Any CPU
	EndGlobalSection
	GlobalSection(ProjectConfigurationPlatforms) = postSolution
		{A24819AC-27A5-49B5-85C3-AB3135045AA4}.Debug|Any CPU.ActiveCfg = Debug|Any CPU
		{A24819AC-27A5-49B5-85C3-AB3135045AA4}.Debug|Any CPU.Build.0 = Debug|Any CPU
		{A24819AC-27A5-49B5-85C3-AB3135045AA4}.Release|Any CPU.ActiveCfg = Release|Any CPU
		{A24819AC-27A5-49B5-85C3-AB3135045AA4}.Release|Any CPU.Build.0 = Release|Any CPU
	EndGlobalSection
	GlobalSection(SolutionProperties) = preSolution
		HideSolutionNode = FALSE
	EndGlobalSection
	GlobalSection(ExtensibilityGlobals) = postSolution
		SolutionGuid = {09A5705C-769E-4865-AF39-D95E58874853}
	EndGlobalSection
EndGlobal
